
Microsoft Visual Studio Solution File, Format Version 12.00
# Visual Studio Version 17
VisualStudioVersion = 17.6.33723.286
MinimumVisualStudioVersion = 10.0.40219.1
Project("{FAE04EC0-301F-11D3-BF4B-00C04F79EFBC}") = "c-sharp-enumPractice", "c-sharp-enumPractice\c-sharp-enumPractice.csproj", "{689A0929-A7DC-4035-A608-2D5DDD825FCD}"
EndProject
Global
	GlobalSection(SolutionConfigurationPlatforms) = preSolution
		Debug|Any CPU = Debug|Any CPU
		Release|Any CPU = Release|Any CPU
	EndGlobalSection
	GlobalSection(ProjectConfigurationPlatforms) = postSolution
		{689A0929-A7DC-4035-A608-2D5DDD825FCD}.Debug|Any CPU.ActiveCfg = Debug|Any CPU
		{689A0929-A7DC-4035-A608-2D5DDD825FCD}.Debug|Any CPU.Build.0 = Debug|Any CPU
		{689A0929-A7DC-4035-A608-2D5DDD825FCD}.Release|Any CPU.ActiveCfg = Release|Any CPU
		{689A0929-A7DC-4035-A608-2D5DDD825FCD}.Release|Any CPU.Build.0 = Release|Any CPU
	EndGlobalSection
	GlobalSection(SolutionProperties) = preSolution
		HideSolutionNode = FALSE
	EndGlobalSection
	GlobalSection(ExtensibilityGlobals) = postSolution
		SolutionGuid = {1DE487EA-5C2A-4D11-A462-4E87BB6EEED5}
	EndGlobalSection
EndGlobal
